
Microsoft Visual Studio Solution File, Format Version 12.00
# Visual Studio Version 16
VisualStudioVersion = 16.0.31624.102
MinimumVisualStudioVersion = 10.0.40219.1
Project("{FAE04EC0-301F-11D3-BF4B-00C04F79EFBC}") = "RecupETS", "RecupETS\RecupETS.csproj", "{5B56D0A0-E4AD-44CA-8583-E465394D070D}"
EndProject
Global
	GlobalSection(SolutionConfigurationPlatforms) = preSolution
		Debug|Any CPU = Debug|Any CPU
		Release|Any CPU = Release|Any CPU
	EndGlobalSection
	GlobalSection(ProjectConfigurationPlatforms) = postSolution
		{5B56D0A0-E4AD-44CA-8583-E465394D070D}.Debug|Any CPU.ActiveCfg = Debug|Any CPU
		{5B56D0A0-E4AD-44CA-8583-E465394D070D}.Debug|Any CPU.Build.0 = Debug|Any CPU
		{5B56D0A0-E4AD-44CA-8583-E465394D070D}.Release|Any CPU.ActiveCfg = Release|Any CPU
		{5B56D0A0-E4AD-44CA-8583-E465394D070D}.Release|Any CPU.Build.0 = Release|Any CPU
	EndGlobalSection
	GlobalSection(SolutionProperties) = preSolution
		HideSolutionNode = FALSE
	EndGlobalSection
	GlobalSection(ExtensibilityGlobals) = postSolution
		SolutionGuid = {72EAA3C7-DFCD-489A-872E-E8A08403E3CC}
	EndGlobalSection
EndGlobal
